
Microsoft Visual Studio Solution File, Format Version 12.00
# Visual Studio 15
VisualStudioVersion = 15.0.27428.2002
MinimumVisualStudioVersion = 10.0.40219.1
Project("{9A19103F-16F7-4668-BE54-9A1E7A4F7556}") = "PanarisMechanicalWorkshop", "PanarisMechanicalWorkshop.csproj", "{738EFBFA-C72C-4DAD-A386-793CCB34DF8C}"
EndProject
Project("{9A19103F-16F7-4668-BE54-9A1E7A4F7556}") = "MechanicalLibrary", "..\MechanicalLibrary\MechanicalLibrary.csproj", "{ADCCB555-313A-4145-A926-169638E939DA}"
EndProject
Global
	GlobalSection(SolutionConfigurationPlatforms) = preSolution
		Debug|Any CPU = Debug|Any CPU
		Release|Any CPU = Release|Any CPU
	EndGlobalSection
	GlobalSection(ProjectConfigurationPlatforms) = postSolution
		{738EFBFA-C72C-4DAD-A386-793CCB34DF8C}.Debug|Any CPU.ActiveCfg = Debug|Any CPU
		{738EFBFA-C72C-4DAD-A386-793CCB34DF8C}.Debug|Any CPU.Build.0 = Debug|Any CPU
		{738EFBFA-C72C-4DAD-A386-793CCB34DF8C}.Release|Any CPU.ActiveCfg = Release|Any CPU
		{738EFBFA-C72C-4DAD-A386-793CCB34DF8C}.Release|Any CPU.Build.0 = Release|Any CPU
		{ADCCB555-313A-4145-A926-169638E939DA}.Debug|Any CPU.ActiveCfg = Debug|Any CPU
		{ADCCB555-313A-4145-A926-169638E939DA}.Debug|Any CPU.Build.0 = Debug|Any CPU
		{ADCCB555-313A-4145-A926-169638E939DA}.Release|Any CPU.ActiveCfg = Release|Any CPU
		{ADCCB555-313A-4145-A926-169638E939DA}.Release|Any CPU.Build.0 = Release|Any CPU
	EndGlobalSection
	GlobalSection(SolutionProperties) = preSolution
		HideSolutionNode = FALSE
	EndGlobalSection
	GlobalSection(ExtensibilityGlobals) = postSolution
		SolutionGuid = {2168E15F-EF12-4B6C-8799-B0EF07AD8E19}
	EndGlobalSection
EndGlobal
